
Microsoft Visual Studio Solution File, Format Version 12.00
# Visual Studio Version 16
VisualStudioVersion = 16.0.31424.327
MinimumVisualStudioVersion = 10.0.40219.1
Project("{9A19103F-16F7-4668-BE54-9A1E7A4F7556}") = "TiendaServicios.Api.Autor", "TiendaServicios.Api.Autor\TiendaServicios.Api.Autor.csproj", "{D5804AF4-B7BC-43D7-9DDB-F1766F51A09E}"
EndProject
Project("{9A19103F-16F7-4668-BE54-9A1E7A4F7556}") = "TiendaServicios.Api.Libro", "TiendaServicios.Api.Libro\TiendaServicios.Api.Libro.csproj", "{EDE85D95-ACAD-4D39-9DD9-0D4AF4C51277}"
EndProject
Project("{9A19103F-16F7-4668-BE54-9A1E7A4F7556}") = "TiendaServicios.Api.CarritoCompra", "TiendaServicios.Api.CarritoCompra\TiendaServicios.Api.CarritoCompra.csproj", "{B6F52D1D-C75B-42A9-A946-2730320FBEF2}"
EndProject
Project("{9A19103F-16F7-4668-BE54-9A1E7A4F7556}") = "TiendaServicios.Api.Libro.Tests", "TiendaServicios.Api.Libro.Tests\TiendaServicios.Api.Libro.Tests.csproj", "{DFC5AC9B-A530-4551-A823-AA21E21C4922}"
EndProject
Global
	GlobalSection(SolutionConfigurationPlatforms) = preSolution
		Debug|Any CPU = Debug|Any CPU
		Release|Any CPU = Release|Any CPU
	EndGlobalSection
	GlobalSection(ProjectConfigurationPlatforms) = postSolution
		{D5804AF4-B7BC-43D7-9DDB-F1766F51A09E}.Debug|Any CPU.ActiveCfg = Debug|Any CPU
		{D5804AF4-B7BC-43D7-9DDB-F1766F51A09E}.Debug|Any CPU.Build.0 = Debug|Any CPU
		{D5804AF4-B7BC-43D7-9DDB-F1766F51A09E}.Release|Any CPU.ActiveCfg = Release|Any CPU
		{D5804AF4-B7BC-43D7-9DDB-F1766F51A09E}.Release|Any CPU.Build.0 = Release|Any CPU
		{EDE85D95-ACAD-4D39-9DD9-0D4AF4C51277}.Debug|Any CPU.ActiveCfg = Debug|Any CPU
		{EDE85D95-ACAD-4D39-9DD9-0D4AF4C51277}.Debug|Any CPU.Build.0 = Debug|Any CPU
		{EDE85D95-ACAD-4D39-9DD9-0D4AF4C51277}.Release|Any CPU.ActiveCfg = Release|Any CPU
		{EDE85D95-ACAD-4D39-9DD9-0D4AF4C51277}.Release|Any CPU.Build.0 = Release|Any CPU
		{B6F52D1D-C75B-42A9-A946-2730320FBEF2}.Debug|Any CPU.ActiveCfg = Debug|Any CPU
		{B6F52D1D-C75B-42A9-A946-2730320FBEF2}.Debug|Any CPU.Build.0 = Debug|Any CPU
		{B6F52D1D-C75B-42A9-A946-2730320FBEF2}.Release|Any CPU.ActiveCfg = Release|Any CPU
		{B6F52D1D-C75B-42A9-A946-2730320FBEF2}.Release|Any CPU.Build.0 = Release|Any CPU
		{DFC5AC9B-A530-4551-A823-AA21E21C4922}.Debug|Any CPU.ActiveCfg = Debug|Any CPU
		{DFC5AC9B-A530-4551-A823-AA21E21C4922}.Debug|Any CPU.Build.0 = Debug|Any CPU
		{DFC5AC9B-A530-4551-A823-AA21E21C4922}.Release|Any CPU.ActiveCfg = Release|Any CPU
		{DFC5AC9B-A530-4551-A823-AA21E21C4922}.Release|Any CPU.Build.0 = Release|Any CPU
	EndGlobalSection
	GlobalSection(SolutionProperties) = preSolution
		HideSolutionNode = FALSE
	EndGlobalSection
	GlobalSection(ExtensibilityGlobals) = postSolution
		SolutionGuid = {156D4A7C-A694-49F3-B741-15FB4EAEBE96}
	EndGlobalSection
EndGlobal
